
Microsoft Visual Studio Solution File, Format Version 12.00
# Visual Studio Version 17
VisualStudioVersion = 17.4.33110.190
MinimumVisualStudioVersion = 10.0.40219.1
Project("{9A19103F-16F7-4668-BE54-9A1E7A4F7556}") = "EmployeeUI", "..\..\..\..\..\.NetDemos\C#Demos\EmployeeUI\EmployeeUI\EmployeeUI.csproj", "{AFCFA53A-9AC4-48B4-BCEE-600FC9AF9AF0}"
EndProject
Project("{FAE04EC0-301F-11D3-BF4B-00C04F79EFBC}") = "Entities", "Entities\Entities.csproj", "{62E1794C-BFD8-4797-9586-C126371272BA}"
EndProject
Project("{FAE04EC0-301F-11D3-BF4B-00C04F79EFBC}") = "DataAccess", "DataAccess\DataAccess.csproj", "{1E03BEB8-1A41-46AE-8C17-AC7D1E686260}"
EndProject
Project("{FAE04EC0-301F-11D3-BF4B-00C04F79EFBC}") = "Business", "Business\Business.csproj", "{11C93C5F-3CB7-4862-A84E-8F39A5774C81}"
EndProject
Project("{FAE04EC0-301F-11D3-BF4B-00C04F79EFBC}") = "Core", "Core\Core.csproj", "{90BB7CB7-6A18-4379-98C6-A06A3202C200}"
EndProject
Global
	GlobalSection(SolutionConfigurationPlatforms) = preSolution
		Debug|Any CPU = Debug|Any CPU
		Release|Any CPU = Release|Any CPU
	EndGlobalSection
	GlobalSection(ProjectConfigurationPlatforms) = postSolution
		{AFCFA53A-9AC4-48B4-BCEE-600FC9AF9AF0}.Debug|Any CPU.ActiveCfg = Debug|Any CPU
		{AFCFA53A-9AC4-48B4-BCEE-600FC9AF9AF0}.Debug|Any CPU.Build.0 = Debug|Any CPU
		{AFCFA53A-9AC4-48B4-BCEE-600FC9AF9AF0}.Release|Any CPU.ActiveCfg = Release|Any CPU
		{AFCFA53A-9AC4-48B4-BCEE-600FC9AF9AF0}.Release|Any CPU.Build.0 = Release|Any CPU
		{62E1794C-BFD8-4797-9586-C126371272BA}.Debug|Any CPU.ActiveCfg = Debug|Any CPU
		{62E1794C-BFD8-4797-9586-C126371272BA}.Debug|Any CPU.Build.0 = Debug|Any CPU
		{62E1794C-BFD8-4797-9586-C126371272BA}.Release|Any CPU.ActiveCfg = Release|Any CPU
		{62E1794C-BFD8-4797-9586-C126371272BA}.Release|Any CPU.Build.0 = Release|Any CPU
		{1E03BEB8-1A41-46AE-8C17-AC7D1E686260}.Debug|Any CPU.ActiveCfg = Debug|Any CPU
		{1E03BEB8-1A41-46AE-8C17-AC7D1E686260}.Debug|Any CPU.Build.0 = Debug|Any CPU
		{1E03BEB8-1A41-46AE-8C17-AC7D1E686260}.Release|Any CPU.ActiveCfg = Release|Any CPU
		{1E03BEB8-1A41-46AE-8C17-AC7D1E686260}.Release|Any CPU.Build.0 = Release|Any CPU
		{11C93C5F-3CB7-4862-A84E-8F39A5774C81}.Debug|Any CPU.ActiveCfg = Debug|Any CPU
		{11C93C5F-3CB7-4862-A84E-8F39A5774C81}.Debug|Any CPU.Build.0 = Debug|Any CPU
		{11C93C5F-3CB7-4862-A84E-8F39A5774C81}.Release|Any CPU.ActiveCfg = Release|Any CPU
		{11C93C5F-3CB7-4862-A84E-8F39A5774C81}.Release|Any CPU.Build.0 = Release|Any CPU
		{90BB7CB7-6A18-4379-98C6-A06A3202C200}.Debug|Any CPU.ActiveCfg = Debug|Any CPU
		{90BB7CB7-6A18-4379-98C6-A06A3202C200}.Debug|Any CPU.Build.0 = Debug|Any CPU
		{90BB7CB7-6A18-4379-98C6-A06A3202C200}.Release|Any CPU.ActiveCfg = Release|Any CPU
		{90BB7CB7-6A18-4379-98C6-A06A3202C200}.Release|Any CPU.Build.0 = Release|Any CPU
	EndGlobalSection
	GlobalSection(SolutionProperties) = preSolution
		HideSolutionNode = FALSE
	EndGlobalSection
	GlobalSection(ExtensibilityGlobals) = postSolution
		SolutionGuid = {E8E019DA-91A7-449B-BB95-94D49F8D82F0}
	EndGlobalSection
EndGlobal
